
Microsoft Visual Studio Solution File, Format Version 12.00
# Visual Studio Version 16
VisualStudioVersion = 16.0.29905.134
MinimumVisualStudioVersion = 10.0.40219.1
Project("{FAE04EC0-301F-11D3-BF4B-00C04F79EFBC}") = "Ogame", "Ogame\Ogame.csproj", "{9F408262-BDED-432A-A333-86927F208060}"
EndProject
Global
	GlobalSection(SolutionConfigurationPlatforms) = preSolution
		Debug|Any CPU = Debug|Any CPU
		Release|Any CPU = Release|Any CPU
	EndGlobalSection
	GlobalSection(ProjectConfigurationPlatforms) = postSolution
		{9F408262-BDED-432A-A333-86927F208060}.Debug|Any CPU.ActiveCfg = Debug|Any CPU
		{9F408262-BDED-432A-A333-86927F208060}.Debug|Any CPU.Build.0 = Debug|Any CPU
		{9F408262-BDED-432A-A333-86927F208060}.Release|Any CPU.ActiveCfg = Release|Any CPU
		{9F408262-BDED-432A-A333-86927F208060}.Release|Any CPU.Build.0 = Release|Any CPU
	EndGlobalSection
	GlobalSection(SolutionProperties) = preSolution
		HideSolutionNode = FALSE
	EndGlobalSection
	GlobalSection(ExtensibilityGlobals) = postSolution
		SolutionGuid = {DAA03835-0913-4AA2-95B2-402D23E61C3B}
	EndGlobalSection
EndGlobal
